
Microsoft Visual Studio Solution File, Format Version 12.00
# Visual Studio 15
Project("{FAE04EC0-301F-11D3-BF4B-00C04F79EFBC}") = "Assembly-CSharp", "Assembly-CSharp.csproj", "{76DD3961-E2F4-5AB3-C411-539E5063B92B}"
EndProject
Project("{FAE04EC0-301F-11D3-BF4B-00C04F79EFBC}") = "Oculus.VR", "Oculus.VR.csproj", "{B042DD97-D7A6-857A-C052-62C5C4866F41}"
EndProject
Project("{FAE04EC0-301F-11D3-BF4B-00C04F79EFBC}") = "Oculus.Platform", "Oculus.Platform.csproj", "{26214E99-94BD-767C-394A-4E427683DE1F}"
EndProject
Project("{FAE04EC0-301F-11D3-BF4B-00C04F79EFBC}") = "Assembly-CSharp-Editor", "Assembly-CSharp-Editor.csproj", "{0FE17018-551A-95CC-828D-8DBCA21B71CF}"
EndProject
Project("{FAE04EC0-301F-11D3-BF4B-00C04F79EFBC}") = "Oculus.VR.Scripts.Editor", "Oculus.VR.Scripts.Editor.csproj", "{D2B03C0F-AEC1-9AA1-631B-318503EA7AD2}"
EndProject
Project("{FAE04EC0-301F-11D3-BF4B-00C04F79EFBC}") = "Oculus.VR.Editor", "Oculus.VR.Editor.csproj", "{7EF89874-FCAE-4BF0-B7BD-2B1F86DB43D9}"
EndProject
Project("{FAE04EC0-301F-11D3-BF4B-00C04F79EFBC}") = "Oculus.Platform.Editor", "Oculus.Platform.Editor.csproj", "{627279CC-8DA6-4FC7-BCBE-51DE62A8E2D6}"
EndProject
Global
	GlobalSection(SolutionConfigurationPlatforms) = preSolution
		Debug|Any CPU = Debug|Any CPU
		Release|Any CPU = Release|Any CPU
	EndGlobalSection
	GlobalSection(ProjectConfigurationPlatforms) = postSolution
		{76DD3961-E2F4-5AB3-C411-539E5063B92B}.Debug|Any CPU.ActiveCfg = Debug|Any CPU
		{76DD3961-E2F4-5AB3-C411-539E5063B92B}.Debug|Any CPU.Build.0 = Debug|Any CPU
		{76DD3961-E2F4-5AB3-C411-539E5063B92B}.Release|Any CPU.ActiveCfg = Release|Any CPU
		{76DD3961-E2F4-5AB3-C411-539E5063B92B}.Release|Any CPU.Build.0 = Release|Any CPU
		{B042DD97-D7A6-857A-C052-62C5C4866F41}.Debug|Any CPU.ActiveCfg = Debug|Any CPU
		{B042DD97-D7A6-857A-C052-62C5C4866F41}.Debug|Any CPU.Build.0 = Debug|Any CPU
		{B042DD97-D7A6-857A-C052-62C5C4866F41}.Release|Any CPU.ActiveCfg = Release|Any CPU
		{B042DD97-D7A6-857A-C052-62C5C4866F41}.Release|Any CPU.Build.0 = Release|Any CPU
		{26214E99-94BD-767C-394A-4E427683DE1F}.Debug|Any CPU.ActiveCfg = Debug|Any CPU
		{26214E99-94BD-767C-394A-4E427683DE1F}.Debug|Any CPU.Build.0 = Debug|Any CPU
		{26214E99-94BD-767C-394A-4E427683DE1F}.Release|Any CPU.ActiveCfg = Release|Any CPU
		{26214E99-94BD-767C-394A-4E427683DE1F}.Release|Any CPU.Build.0 = Release|Any CPU
		{0FE17018-551A-95CC-828D-8DBCA21B71CF}.Debug|Any CPU.ActiveCfg = Debug|Any CPU
		{0FE17018-551A-95CC-828D-8DBCA21B71CF}.Debug|Any CPU.Build.0 = Debug|Any CPU
		{0FE17018-551A-95CC-828D-8DBCA21B71CF}.Release|Any CPU.ActiveCfg = Release|Any CPU
		{0FE17018-551A-95CC-828D-8DBCA21B71CF}.Release|Any CPU.Build.0 = Release|Any CPU
		{D2B03C0F-AEC1-9AA1-631B-318503EA7AD2}.Debug|Any CPU.ActiveCfg = Debug|Any CPU
		{D2B03C0F-AEC1-9AA1-631B-318503EA7AD2}.Debug|Any CPU.Build.0 = Debug|Any CPU
		{D2B03C0F-AEC1-9AA1-631B-318503EA7AD2}.Release|Any CPU.ActiveCfg = Release|Any CPU
		{D2B03C0F-AEC1-9AA1-631B-318503EA7AD2}.Release|Any CPU.Build.0 = Release|Any CPU
		{7EF89874-FCAE-4BF0-B7BD-2B1F86DB43D9}.Debug|Any CPU.ActiveCfg = Debug|Any CPU
		{7EF89874-FCAE-4BF0-B7BD-2B1F86DB43D9}.Debug|Any CPU.Build.0 = Debug|Any CPU
		{7EF89874-FCAE-4BF0-B7BD-2B1F86DB43D9}.Release|Any CPU.ActiveCfg = Release|Any CPU
		{7EF89874-FCAE-4BF0-B7BD-2B1F86DB43D9}.Release|Any CPU.Build.0 = Release|Any CPU
		{627279CC-8DA6-4FC7-BCBE-51DE62A8E2D6}.Debug|Any CPU.ActiveCfg = Debug|Any CPU
		{627279CC-8DA6-4FC7-BCBE-51DE62A8E2D6}.Debug|Any CPU.Build.0 = Debug|Any CPU
		{627279CC-8DA6-4FC7-BCBE-51DE62A8E2D6}.Release|Any CPU.ActiveCfg = Release|Any CPU
		{627279CC-8DA6-4FC7-BCBE-51DE62A8E2D6}.Release|Any CPU.Build.0 = Release|Any CPU
	EndGlobalSection
	GlobalSection(SolutionProperties) = preSolution
		HideSolutionNode = FALSE
	EndGlobalSection
EndGlobal
